
Microsoft Visual Studio Solution File, Format Version 12.00
# Visual Studio 15
VisualStudioVersion = 15.0.28307.421
MinimumVisualStudioVersion = 10.0.40219.1
Project("{FAE04EC0-301F-11D3-BF4B-00C04F79EFBC}") = "HeosControl", "HeosControl\HeosControl.csproj", "{19DAD151-299A-468E-AE29-E696CC725A1D}"
EndProject
Global
	GlobalSection(SolutionConfigurationPlatforms) = preSolution
		Debug|Any CPU = Debug|Any CPU
		Release|Any CPU = Release|Any CPU
	EndGlobalSection
	GlobalSection(ProjectConfigurationPlatforms) = postSolution
		{19DAD151-299A-468E-AE29-E696CC725A1D}.Debug|Any CPU.ActiveCfg = Debug|Any CPU
		{19DAD151-299A-468E-AE29-E696CC725A1D}.Debug|Any CPU.Build.0 = Debug|Any CPU
		{19DAD151-299A-468E-AE29-E696CC725A1D}.Release|Any CPU.ActiveCfg = Release|Any CPU
		{19DAD151-299A-468E-AE29-E696CC725A1D}.Release|Any CPU.Build.0 = Release|Any CPU
	EndGlobalSection
	GlobalSection(SolutionProperties) = preSolution
		HideSolutionNode = FALSE
	EndGlobalSection
	GlobalSection(ExtensibilityGlobals) = postSolution
		SolutionGuid = {E7DD38C4-1B8B-418E-B6A3-612C48D89C23}
	EndGlobalSection
EndGlobal
